
Microsoft Visual Studio Solution File, Format Version 12.00
# Visual Studio Version 16
VisualStudioVersion = 16.0.28803.156
MinimumVisualStudioVersion = 10.0.40219.1
Project("{9A19103F-16F7-4668-BE54-9A1E7A4F7556}") = "a_srv", "a_srv\a_srv.csproj", "{3F8048C5-D745-488C-AA65-D9943F49FE04}"
EndProject
Project("{9A19103F-16F7-4668-BE54-9A1E7A4F7556}") = "MySys.Identity", "MySys.Identity\MySys.Identity.csproj", "{D3B0EAAF-A0A4-48FA-B3EC-DECA6A42EB49}"
EndProject
Project("{9A19103F-16F7-4668-BE54-9A1E7A4F7556}") = "MySys.Common", "MySys.Common\MySys.Common.csproj", "{BC543E71-1247-4BC7-9982-142A8639CA68}"
EndProject
Project("{9A19103F-16F7-4668-BE54-9A1E7A4F7556}") = "DataCore", "..\..\DataCore\DataCore.csproj", "{FC8EB5EC-7CA2-4DE6-89F6-E18307DF96D6}"
EndProject
Global
	GlobalSection(SolutionConfigurationPlatforms) = preSolution
		Debug|Any CPU = Debug|Any CPU
		Release|Any CPU = Release|Any CPU
	EndGlobalSection
	GlobalSection(ProjectConfigurationPlatforms) = postSolution
		{3F8048C5-D745-488C-AA65-D9943F49FE04}.Debug|Any CPU.ActiveCfg = Debug|Any CPU
		{3F8048C5-D745-488C-AA65-D9943F49FE04}.Debug|Any CPU.Build.0 = Debug|Any CPU
		{3F8048C5-D745-488C-AA65-D9943F49FE04}.Release|Any CPU.ActiveCfg = Release|Any CPU
		{3F8048C5-D745-488C-AA65-D9943F49FE04}.Release|Any CPU.Build.0 = Release|Any CPU
		{D3B0EAAF-A0A4-48FA-B3EC-DECA6A42EB49}.Debug|Any CPU.ActiveCfg = Debug|Any CPU
		{D3B0EAAF-A0A4-48FA-B3EC-DECA6A42EB49}.Debug|Any CPU.Build.0 = Debug|Any CPU
		{D3B0EAAF-A0A4-48FA-B3EC-DECA6A42EB49}.Release|Any CPU.ActiveCfg = Release|Any CPU
		{D3B0EAAF-A0A4-48FA-B3EC-DECA6A42EB49}.Release|Any CPU.Build.0 = Release|Any CPU
		{BC543E71-1247-4BC7-9982-142A8639CA68}.Debug|Any CPU.ActiveCfg = Debug|Any CPU
		{BC543E71-1247-4BC7-9982-142A8639CA68}.Debug|Any CPU.Build.0 = Debug|Any CPU
		{BC543E71-1247-4BC7-9982-142A8639CA68}.Release|Any CPU.ActiveCfg = Release|Any CPU
		{BC543E71-1247-4BC7-9982-142A8639CA68}.Release|Any CPU.Build.0 = Release|Any CPU
		{FC8EB5EC-7CA2-4DE6-89F6-E18307DF96D6}.Debug|Any CPU.ActiveCfg = Debug|Any CPU
		{FC8EB5EC-7CA2-4DE6-89F6-E18307DF96D6}.Debug|Any CPU.Build.0 = Debug|Any CPU
		{FC8EB5EC-7CA2-4DE6-89F6-E18307DF96D6}.Release|Any CPU.ActiveCfg = Release|Any CPU
		{FC8EB5EC-7CA2-4DE6-89F6-E18307DF96D6}.Release|Any CPU.Build.0 = Release|Any CPU
	EndGlobalSection
	GlobalSection(SolutionProperties) = preSolution
		HideSolutionNode = FALSE
	EndGlobalSection
	GlobalSection(ExtensibilityGlobals) = postSolution
		SolutionGuid = {ED919054-1734-45E9-BBD6-281B5DCB0E5F}
	EndGlobalSection
EndGlobal
